
Microsoft Visual Studio Solution File, Format Version 12.00
# Visual Studio Version 17
VisualStudioVersion = 17.11.35219.272
MinimumVisualStudioVersion = 10.0.40219.1
Project("{FAE04EC0-301F-11D3-BF4B-00C04F79EFBC}") = "TP5EJ3", "TP5EJ3\TP5EJ3.csproj", "{84B5F84B-BC98-4088-8399-02AFE03B8EFF}"
EndProject
Global
	GlobalSection(SolutionConfigurationPlatforms) = preSolution
		Debug|Any CPU = Debug|Any CPU
		Release|Any CPU = Release|Any CPU
	EndGlobalSection
	GlobalSection(ProjectConfigurationPlatforms) = postSolution
		{84B5F84B-BC98-4088-8399-02AFE03B8EFF}.Debug|Any CPU.ActiveCfg = Debug|Any CPU
		{84B5F84B-BC98-4088-8399-02AFE03B8EFF}.Debug|Any CPU.Build.0 = Debug|Any CPU
		{84B5F84B-BC98-4088-8399-02AFE03B8EFF}.Release|Any CPU.ActiveCfg = Release|Any CPU
		{84B5F84B-BC98-4088-8399-02AFE03B8EFF}.Release|Any CPU.Build.0 = Release|Any CPU
	EndGlobalSection
	GlobalSection(SolutionProperties) = preSolution
		HideSolutionNode = FALSE
	EndGlobalSection
	GlobalSection(ExtensibilityGlobals) = postSolution
		SolutionGuid = {B7C74A7B-3680-4CA6-8970-0E3860B5BE06}
	EndGlobalSection
EndGlobal
